
Microsoft Visual Studio Solution File, Format Version 12.00
# Visual Studio Version 16
VisualStudioVersion = 16.0.31005.135
MinimumVisualStudioVersion = 10.0.40219.1
Project("{2150E333-8FDC-42A3-9474-1A3956D46DE8}") = "1 - API", "1 - API", "{F3B8B4FE-4B80-4DEF-B793-7A5E4EEE899E}"
EndProject
Project("{2150E333-8FDC-42A3-9474-1A3956D46DE8}") = "2 - Application", "2 - Application", "{A39A3A03-F63A-44F1-8893-C04E3F6587F3}"
EndProject
Project("{2150E333-8FDC-42A3-9474-1A3956D46DE8}") = "3 - Domain", "3 - Domain", "{A3285264-0FF2-471C-A06E-5ACE379ED57C}"
EndProject
Project("{2150E333-8FDC-42A3-9474-1A3956D46DE8}") = "4 - Infra", "4 - Infra", "{DFD63563-C549-4068-8E21-B7861E17E853}"
EndProject
Project("{2150E333-8FDC-42A3-9474-1A3956D46DE8}") = "6 - Test", "6 - Test", "{B2C26822-1E71-4AE2-8AD6-A85E3EBFDFC2}"
EndProject
Project("{9A19103F-16F7-4668-BE54-9A1E7A4F7556}") = "TOP.IdentityService.Infra.Data", "src\TOP.IdentityService.Infra.Data\TOP.IdentityService.Infra.Data.csproj", "{1B31F41A-C21B-48FA-8AE5-BEB3EE7F43A0}"
EndProject
Project("{9A19103F-16F7-4668-BE54-9A1E7A4F7556}") = "TOP.IdentityService.Infra.CrossCutting.Logger", "src\TOP.IdentityService.Infra.CrossCutting.Logger\TOP.IdentityService.Infra.CrossCutting.Logger.csproj", "{8169EAD2-C295-4202-959A-766C80F68151}"
EndProject
Project("{9A19103F-16F7-4668-BE54-9A1E7A4F7556}") = "TOP.IdentityService.Application", "src\TOP.IdentityService.Application\TOP.IdentityService.Application.csproj", "{5836DA77-6E4A-46C4-93CF-915B307EF1A0}"
EndProject
Project("{9A19103F-16F7-4668-BE54-9A1E7A4F7556}") = "TOP.IdentityService.Domain", "src\TOP.IdentityService.Domain\TOP.IdentityService.Domain.csproj", "{D9BFAA8A-0C5B-465F-AFD9-FC292AF58F4D}"
EndProject
Project("{9A19103F-16F7-4668-BE54-9A1E7A4F7556}") = "TOP.IdentityService.UnitTest", "test\TOP.IdentityService.UnitTest\TOP.IdentityService.UnitTest.csproj", "{FC26EA7F-D55F-4F12-B1C1-E5F07758BD79}"
EndProject
Project("{2150E333-8FDC-42A3-9474-1A3956D46DE8}") = "5 - CrossCutting", "5 - CrossCutting", "{FAFA236A-B46F-440E-B448-F6047E69E84A}"
EndProject
Project("{9A19103F-16F7-4668-BE54-9A1E7A4F7556}") = "TOP.IdentityService.Infra.Broker", "src\TOP.IdentityService.Infra.Broker\TOP.IdentityService.Infra.Broker.csproj", "{81B0F348-15C0-4FA5-8BED-192EC3EE3DBC}"
EndProject
Project("{9A19103F-16F7-4668-BE54-9A1E7A4F7556}") = "TOP.IdentityService.Infra.CrossCutting.IoC", "src\TOP.IdentityService.Infra.CrossCutting.IoC\TOP.IdentityService.Infra.CrossCutting.IoC.csproj", "{F2364671-A397-42B3-9B83-DC03A6AADF14}"
EndProject
Project("{9A19103F-16F7-4668-BE54-9A1E7A4F7556}") = "TOP.IdentityService.Api", "src\TOP.IdentityService.Api\TOP.IdentityService.Api.csproj", "{46E6FC9A-3821-4BFF-94D6-226210210F06}"
EndProject
Global
	GlobalSection(SolutionConfigurationPlatforms) = preSolution
		Debug|Any CPU = Debug|Any CPU
		Release|Any CPU = Release|Any CPU
	EndGlobalSection
	GlobalSection(ProjectConfigurationPlatforms) = postSolution
		{1B31F41A-C21B-48FA-8AE5-BEB3EE7F43A0}.Debug|Any CPU.ActiveCfg = Debug|Any CPU
		{1B31F41A-C21B-48FA-8AE5-BEB3EE7F43A0}.Debug|Any CPU.Build.0 = Debug|Any CPU
		{1B31F41A-C21B-48FA-8AE5-BEB3EE7F43A0}.Release|Any CPU.ActiveCfg = Release|Any CPU
		{1B31F41A-C21B-48FA-8AE5-BEB3EE7F43A0}.Release|Any CPU.Build.0 = Release|Any CPU
		{8169EAD2-C295-4202-959A-766C80F68151}.Debug|Any CPU.ActiveCfg = Debug|Any CPU
		{8169EAD2-C295-4202-959A-766C80F68151}.Debug|Any CPU.Build.0 = Debug|Any CPU
		{8169EAD2-C295-4202-959A-766C80F68151}.Release|Any CPU.ActiveCfg = Release|Any CPU
		{8169EAD2-C295-4202-959A-766C80F68151}.Release|Any CPU.Build.0 = Release|Any CPU
		{5836DA77-6E4A-46C4-93CF-915B307EF1A0}.Debug|Any CPU.ActiveCfg = Debug|Any CPU
		{5836DA77-6E4A-46C4-93CF-915B307EF1A0}.Debug|Any CPU.Build.0 = Debug|Any CPU
		{5836DA77-6E4A-46C4-93CF-915B307EF1A0}.Release|Any CPU.ActiveCfg = Release|Any CPU
		{5836DA77-6E4A-46C4-93CF-915B307EF1A0}.Release|Any CPU.Build.0 = Release|Any CPU
		{D9BFAA8A-0C5B-465F-AFD9-FC292AF58F4D}.Debug|Any CPU.ActiveCfg = Debug|Any CPU
		{D9BFAA8A-0C5B-465F-AFD9-FC292AF58F4D}.Debug|Any CPU.Build.0 = Debug|Any CPU
		{D9BFAA8A-0C5B-465F-AFD9-FC292AF58F4D}.Release|Any CPU.ActiveCfg = Release|Any CPU
		{D9BFAA8A-0C5B-465F-AFD9-FC292AF58F4D}.Release|Any CPU.Build.0 = Release|Any CPU
		{FC26EA7F-D55F-4F12-B1C1-E5F07758BD79}.Debug|Any CPU.ActiveCfg = Debug|Any CPU
		{FC26EA7F-D55F-4F12-B1C1-E5F07758BD79}.Debug|Any CPU.Build.0 = Debug|Any CPU
		{FC26EA7F-D55F-4F12-B1C1-E5F07758BD79}.Release|Any CPU.ActiveCfg = Release|Any CPU
		{FC26EA7F-D55F-4F12-B1C1-E5F07758BD79}.Release|Any CPU.Build.0 = Release|Any CPU
		{81B0F348-15C0-4FA5-8BED-192EC3EE3DBC}.Debug|Any CPU.ActiveCfg = Debug|Any CPU
		{81B0F348-15C0-4FA5-8BED-192EC3EE3DBC}.Debug|Any CPU.Build.0 = Debug|Any CPU
		{81B0F348-15C0-4FA5-8BED-192EC3EE3DBC}.Release|Any CPU.ActiveCfg = Release|Any CPU
		{81B0F348-15C0-4FA5-8BED-192EC3EE3DBC}.Release|Any CPU.Build.0 = Release|Any CPU
		{F2364671-A397-42B3-9B83-DC03A6AADF14}.Debug|Any CPU.ActiveCfg = Debug|Any CPU
		{F2364671-A397-42B3-9B83-DC03A6AADF14}.Debug|Any CPU.Build.0 = Debug|Any CPU
		{F2364671-A397-42B3-9B83-DC03A6AADF14}.Release|Any CPU.ActiveCfg = Release|Any CPU
		{F2364671-A397-42B3-9B83-DC03A6AADF14}.Release|Any CPU.Build.0 = Release|Any CPU
		{46E6FC9A-3821-4BFF-94D6-226210210F06}.Debug|Any CPU.ActiveCfg = Debug|Any CPU
		{46E6FC9A-3821-4BFF-94D6-226210210F06}.Debug|Any CPU.Build.0 = Debug|Any CPU
		{46E6FC9A-3821-4BFF-94D6-226210210F06}.Release|Any CPU.ActiveCfg = Release|Any CPU
		{46E6FC9A-3821-4BFF-94D6-226210210F06}.Release|Any CPU.Build.0 = Release|Any CPU
	EndGlobalSection
	GlobalSection(SolutionProperties) = preSolution
		HideSolutionNode = FALSE
	EndGlobalSection
	GlobalSection(NestedProjects) = preSolution
		{1B31F41A-C21B-48FA-8AE5-BEB3EE7F43A0} = {DFD63563-C549-4068-8E21-B7861E17E853}
		{8169EAD2-C295-4202-959A-766C80F68151} = {FAFA236A-B46F-440E-B448-F6047E69E84A}
		{5836DA77-6E4A-46C4-93CF-915B307EF1A0} = {A39A3A03-F63A-44F1-8893-C04E3F6587F3}
		{D9BFAA8A-0C5B-465F-AFD9-FC292AF58F4D} = {A3285264-0FF2-471C-A06E-5ACE379ED57C}
		{FC26EA7F-D55F-4F12-B1C1-E5F07758BD79} = {B2C26822-1E71-4AE2-8AD6-A85E3EBFDFC2}
		{81B0F348-15C0-4FA5-8BED-192EC3EE3DBC} = {DFD63563-C549-4068-8E21-B7861E17E853}
		{F2364671-A397-42B3-9B83-DC03A6AADF14} = {FAFA236A-B46F-440E-B448-F6047E69E84A}
		{46E6FC9A-3821-4BFF-94D6-226210210F06} = {F3B8B4FE-4B80-4DEF-B793-7A5E4EEE899E}
	EndGlobalSection
	GlobalSection(ExtensibilityGlobals) = postSolution
		SolutionGuid = {831542BE-6366-4EBC-8005-C1DFB06DD9E7}
	EndGlobalSection
EndGlobal
