
Microsoft Visual Studio Solution File, Format Version 12.00
# Visual Studio Version 16
VisualStudioVersion = 16.0.31005.135
MinimumVisualStudioVersion = 10.0.40219.1
Project("{2150E333-8FDC-42A3-9474-1A3956D46DE8}") = "1 - API", "1 - API", "{C6862328-8AA3-4181-A20C-1214A9B2FA9C}"
EndProject
Project("{2150E333-8FDC-42A3-9474-1A3956D46DE8}") = "2 - Application", "2 - Application", "{37DC06EB-5358-47B8-A96B-2A8539059D90}"
EndProject
Project("{2150E333-8FDC-42A3-9474-1A3956D46DE8}") = "3 - Domain", "3 - Domain", "{C0082561-51BF-4E8A-9651-446FDBF995F7}"
EndProject
Project("{2150E333-8FDC-42A3-9474-1A3956D46DE8}") = "4 - Infra", "4 - Infra", "{8881D3E5-AF15-45E3-86A9-BD937BCBB221}"
EndProject
Project("{2150E333-8FDC-42A3-9474-1A3956D46DE8}") = "5 - CrossCutting", "5 - CrossCutting", "{36FBC93E-18EF-4469-A23B-BA7ECC146808}"
EndProject
Project("{2150E333-8FDC-42A3-9474-1A3956D46DE8}") = "6 - Test", "6 - Test", "{A59CF2E7-1DD2-4A1E-849B-B38918B6CFA3}"
EndProject
Project("{9A19103F-16F7-4668-BE54-9A1E7A4F7556}") = "TOP.ProfileService.Domain", "src\TOP.ProfileService.Domain\TOP.ProfileService.Domain.csproj", "{9D384438-DB9C-4A95-A10F-62F8EF946B4A}"
EndProject
Project("{9A19103F-16F7-4668-BE54-9A1E7A4F7556}") = "TOP.ProfileService.Infra.Data", "src\TOP.ProfileService.Infra.Data\TOP.ProfileService.Infra.Data.csproj", "{A362AB2F-5599-4ED0-B2EB-9229392B84E1}"
EndProject
Project("{9A19103F-16F7-4668-BE54-9A1E7A4F7556}") = "TOP.ProfileService.Infra.CrossCutting.IoC", "src\TOP.ProfileService.Infra.CrossCutting.IoC\TOP.ProfileService.Infra.CrossCutting.IoC.csproj", "{7770F3AE-80B5-4E1B-B14C-3A34B9B65FF8}"
EndProject
Project("{9A19103F-16F7-4668-BE54-9A1E7A4F7556}") = "TOP.ProfileService.Infra.CrossCutting.Logger", "src\TOP.ProfileService.Infra.CrossCutting.Logger\TOP.ProfileService.Infra.CrossCutting.Logger.csproj", "{5ECBC308-EAE0-47A0-8753-04174C568462}"
EndProject
Project("{FAE04EC0-301F-11D3-BF4B-00C04F79EFBC}") = "TOP.ProfileService.UnitTest", "test\TOP.ProfileService.UnitTest\TOP.ProfileService.UnitTest.csproj", "{4D3B543E-0D12-4FEF-964B-C7C315BC7089}"
EndProject
Global
	GlobalSection(SolutionConfigurationPlatforms) = preSolution
		Debug|Any CPU = Debug|Any CPU
		Release|Any CPU = Release|Any CPU
	EndGlobalSection
	GlobalSection(ProjectConfigurationPlatforms) = postSolution
		{9D384438-DB9C-4A95-A10F-62F8EF946B4A}.Debug|Any CPU.ActiveCfg = Debug|Any CPU
		{9D384438-DB9C-4A95-A10F-62F8EF946B4A}.Debug|Any CPU.Build.0 = Debug|Any CPU
		{9D384438-DB9C-4A95-A10F-62F8EF946B4A}.Release|Any CPU.ActiveCfg = Release|Any CPU
		{9D384438-DB9C-4A95-A10F-62F8EF946B4A}.Release|Any CPU.Build.0 = Release|Any CPU
		{A362AB2F-5599-4ED0-B2EB-9229392B84E1}.Debug|Any CPU.ActiveCfg = Debug|Any CPU
		{A362AB2F-5599-4ED0-B2EB-9229392B84E1}.Debug|Any CPU.Build.0 = Debug|Any CPU
		{A362AB2F-5599-4ED0-B2EB-9229392B84E1}.Release|Any CPU.ActiveCfg = Release|Any CPU
		{A362AB2F-5599-4ED0-B2EB-9229392B84E1}.Release|Any CPU.Build.0 = Release|Any CPU
		{7770F3AE-80B5-4E1B-B14C-3A34B9B65FF8}.Debug|Any CPU.ActiveCfg = Debug|Any CPU
		{7770F3AE-80B5-4E1B-B14C-3A34B9B65FF8}.Debug|Any CPU.Build.0 = Debug|Any CPU
		{7770F3AE-80B5-4E1B-B14C-3A34B9B65FF8}.Release|Any CPU.ActiveCfg = Release|Any CPU
		{7770F3AE-80B5-4E1B-B14C-3A34B9B65FF8}.Release|Any CPU.Build.0 = Release|Any CPU
		{5ECBC308-EAE0-47A0-8753-04174C568462}.Debug|Any CPU.ActiveCfg = Debug|Any CPU
		{5ECBC308-EAE0-47A0-8753-04174C568462}.Debug|Any CPU.Build.0 = Debug|Any CPU
		{5ECBC308-EAE0-47A0-8753-04174C568462}.Release|Any CPU.ActiveCfg = Release|Any CPU
		{5ECBC308-EAE0-47A0-8753-04174C568462}.Release|Any CPU.Build.0 = Release|Any CPU
		{4D3B543E-0D12-4FEF-964B-C7C315BC7089}.Debug|Any CPU.ActiveCfg = Debug|Any CPU
		{4D3B543E-0D12-4FEF-964B-C7C315BC7089}.Debug|Any CPU.Build.0 = Debug|Any CPU
		{4D3B543E-0D12-4FEF-964B-C7C315BC7089}.Release|Any CPU.ActiveCfg = Release|Any CPU
		{4D3B543E-0D12-4FEF-964B-C7C315BC7089}.Release|Any CPU.Build.0 = Release|Any CPU
	EndGlobalSection
	GlobalSection(SolutionProperties) = preSolution
		HideSolutionNode = FALSE
	EndGlobalSection
	GlobalSection(NestedProjects) = preSolution
		{9D384438-DB9C-4A95-A10F-62F8EF946B4A} = {C0082561-51BF-4E8A-9651-446FDBF995F7}
		{A362AB2F-5599-4ED0-B2EB-9229392B84E1} = {8881D3E5-AF15-45E3-86A9-BD937BCBB221}
		{7770F3AE-80B5-4E1B-B14C-3A34B9B65FF8} = {36FBC93E-18EF-4469-A23B-BA7ECC146808}
		{5ECBC308-EAE0-47A0-8753-04174C568462} = {36FBC93E-18EF-4469-A23B-BA7ECC146808}
		{4D3B543E-0D12-4FEF-964B-C7C315BC7089} = {A59CF2E7-1DD2-4A1E-849B-B38918B6CFA3}
	EndGlobalSection
	GlobalSection(ExtensibilityGlobals) = postSolution
		SolutionGuid = {AB086427-AE0A-4180-A8D5-1740E39D4E3D}
	EndGlobalSection
EndGlobal
